// !$*UTF8*$!
{
	archiveVersion = 1;
	classes = {
	};
	objectVersion = 77;
	objects = {

/* Begin PBXContainerItemProxy section */
		B353EF182D7037CF008BDF96 /* PBXContainerItemProxy */ = {
			isa = PBXContainerItemProxy;
			containerPortal = B353EEF92D7037CD008BDF96 /* Project object */;
			proxyType = 1;
			remoteGlobalIDString = B353EF002D7037CD008BDF96;
			remoteInfo = "[mini#3] MemoApp";
		};
		B353EF222D7037CF008BDF96 /* PBXContainerItemProxy */ = {
			isa = PBXContainerItemProxy;
			containerPortal = B353EEF92D7037CD008BDF96 /* Project object */;
			proxyType = 1;
			remoteGlobalIDString = B353EF002D7037CD008BDF96;
			remoteInfo = "[mini#3] MemoApp";
		};
/* End PBXContainerItemProxy section */

/* Begin PBXFileReference section */
		B353EF012D7037CD008BDF96 /* [mini#3] MemoApp.app */ = {isa = PBXFileReference; explicitFileType = wrapper.application; includeInIndex = 0; path = "[mini#3] MemoApp.app"; sourceTree = BUILT_PRODUCTS_DIR; };
		B353EF172D7037CF008BDF96 /* [mini#3] MemoAppTests.xctest */ = {isa = PBXFileReference; explicitFileType = wrapper.cfbundle; includeInIndex = 0; path = "[mini#3] MemoAppTests.xctest"; sourceTree = BUILT_PRODUCTS_DIR; };
		B353EF212D7037CF008BDF96 /* [mini#3] MemoAppUITests.xctest */ = {isa = PBXFileReference; explicitFileType = wrapper.cfbundle; includeInIndex = 0; path = "[mini#3] MemoAppUITests.xctest"; sourceTree = BUILT_PRODUCTS_DIR; };
/* End PBXFileReference section */

/* Begin PBXFileSystemSynchronizedBuildFileExceptionSet section */
		B353EF292D7037CF008BDF96 /* Exceptions for "[mini#3] MemoApp" folder in "[mini#3] MemoApp" target */ = {
			isa = PBXFileSystemSynchronizedBuildFileExceptionSet;
			membershipExceptions = (
				Info.plist,
			);
			target = B353EF002D7037CD008BDF96 /* [mini#3] MemoApp */;
		};
/* End PBXFileSystemSynchronizedBuildFileExceptionSet section */

/* Begin PBXFileSystemSynchronizedRootGroup section */
		B353EF032D7037CD008BDF96 /* [mini#3] MemoApp */ = {
			isa = PBXFileSystemSynchronizedRootGroup;
			exceptions = (
				B353EF292D7037CF008BDF96 /* Exceptions for "[mini#3] MemoApp" folder in "[mini#3] MemoApp" target */,
			);
			path = "[mini#3] MemoApp";
			sourceTree = "<group>";
		};
/* End PBXFileSystemSynchronizedRootGroup section */

/* Begin PBXFrameworksBuildPhase section */
		B353EEFE2D7037CD008BDF96 /* Frameworks */ = {
			isa = PBXFrameworksBuildPhase;
			buildActionMask = 2147483647;
			files = (
			);
			runOnlyForDeploymentPostprocessing = 0;
		};
		B353EF142D7037CF008BDF96 /* Frameworks */ = {
			isa = PBXFrameworksBuildPhase;
			buildActionMask = 2147483647;
			files = (
			);
			runOnlyForDeploymentPostprocessing = 0;
		};
		B353EF1E2D7037CF008BDF96 /* Frameworks */ = {
			isa = PBXFrameworksBuildPhase;
			buildActionMask = 2147483647;
			files = (
			);
			runOnlyForDeploymentPostprocessing = 0;
		};
/* End PBXFrameworksBuildPhase section */

/* Begin PBXGroup section */
		B353EEF82D7037CD008BDF96 = {
			isa = PBXGroup;
			children = (
				B353EF032D7037CD008BDF96 /* [mini#3] MemoApp */,
				B353EF022D7037CD008BDF96 /* Products */,
			);
			sourceTree = "<group>";
		};
		B353EF022D7037CD008BDF96 /* Products */ = {
			isa = PBXGroup;
			children = (
				B353EF012D7037CD008BDF96 /* [mini#3] MemoApp.app */,
				B353EF172D7037CF008BDF96 /* [mini#3] MemoAppTests.xctest */,
				B353EF212D7037CF008BDF96 /* [mini#3] MemoAppUITests.xctest */,
			);
			name = Products;
			sourceTree = "<group>";
		};
/* End PBXGroup section */

/* Begin PBXNativeTarget section */
		B353EF002D7037CD008BDF96 /* [mini#3] MemoApp */ = {
			isa = PBXNativeTarget;
			buildConfigurationList = B353EF2A2D7037CF008BDF96 /* Build configuration list for PBXNativeTarget "[mini#3] MemoApp" */;
			buildPhases = (
				B353EEFD2D7037CD008BDF96 /* Sources */,
				B353EEFE2D7037CD008BDF96 /* Frameworks */,
				B353EEFF2D7037CD008BDF96 /* Resources */,
			);
			buildRules = (
			);
			dependencies = (
			);
			fileSystemSynchronizedGroups = (
				B353EF032D7037CD008BDF96 /* [mini#3] MemoApp */,
			);
			name = "[mini#3] MemoApp";
			packageProductDependencies = (
			);
			productName = "[mini#3] MemoApp";
			productReference = B353EF012D7037CD008BDF96 /* [mini#3] MemoApp.app */;
			productType = "com.apple.product-type.application";
		};
		B353EF162D7037CF008BDF96 /* [mini#3] MemoAppTests */ = {
			isa = PBXNativeTarget;
			buildConfigurationList = B353EF2F2D7037CF008BDF96 /* Build configuration list for PBXNativeTarget "[mini#3] MemoAppTests" */;
			buildPhases = (
				B353EF132D7037CF008BDF96 /* Sources */,
				B353EF142D7037CF008BDF96 /* Frameworks */,
				B353EF152D7037CF008BDF96 /* Resources */,
			);
			buildRules = (
			);
			dependencies = (
				B353EF192D7037CF008BDF96 /* PBXTargetDependency */,
			);
			name = "[mini#3] MemoAppTests";
			packageProductDependencies = (
			);
			productName = "[mini#3] MemoAppTests";
			productReference = B353EF172D7037CF008BDF96 /* [mini#3] MemoAppTests.xctest */;
			productType = "com.apple.product-type.bundle.unit-test";
		};
		B353EF202D7037CF008BDF96 /* [mini#3] MemoAppUITests */ = {
			isa = PBXNativeTarget;
			buildConfigurationList = B353EF322D7037CF008BDF96 /* Build configuration list for PBXNativeTarget "[mini#3] MemoAppUITests" */;
			buildPhases = (
				B353EF1D2D7037CF008BDF96 /* Sources */,
				B353EF1E2D7037CF008BDF96 /* Frameworks */,
				B353EF1F2D7037CF008BDF96 /* Resources */,
			);
			buildRules = (
			);
			dependencies = (
				B353EF232D7037CF008BDF96 /* PBXTargetDependency */,
			);
			name = "[mini#3] MemoAppUITests";
			packageProductDependencies = (
			);
			productName = "[mini#3] MemoAppUITests";
			productReference = B353EF212D7037CF008BDF96 /* [mini#3] MemoAppUITests.xctest */;
			productType = "com.apple.product-type.bundle.ui-testing";
		};
/* End PBXNativeTarget section */

/* Begin PBXProject section */
		B353EEF92D7037CD008BDF96 /* Project object */ = {
			isa = PBXProject;
			attributes = {
				BuildIndependentTargetsInParallel = 1;
				LastSwiftUpdateCheck = 1620;
				LastUpgradeCheck = 1620;
				TargetAttributes = {
					B353EF002D7037CD008BDF96 = {
						CreatedOnToolsVersion = 16.2;
					};
					B353EF162D7037CF008BDF96 = {
						CreatedOnToolsVersion = 16.2;
						TestTargetID = B353EF002D7037CD008BDF96;
					};
					B353EF202D7037CF008BDF96 = {
						CreatedOnToolsVersion = 16.2;
						TestTargetID = B353EF002D7037CD008BDF96;
					};
				};
			};
			buildConfigurationList = B353EEFC2D7037CD008BDF96 /* Build configuration list for PBXProject "[mini#3] MemoApp" */;
			developmentRegion = en;
			hasScannedForEncodings = 0;
			knownRegions = (
				en,
				Base,
			);
			mainGroup = B353EEF82D7037CD008BDF96;
			minimizedProjectReferenceProxies = 1;
			preferredProjectObjectVersion = 77;
			productRefGroup = B353EF022D7037CD008BDF96 /* Products */;
			projectDirPath = "";
			projectRoot = "";
			targets = (
				B353EF002D7037CD008BDF96 /* [mini#3] MemoApp */,
				B353EF162D7037CF008BDF96 /* [mini#3] MemoAppTests */,
				B353EF202D7037CF008BDF96 /* [mini#3] MemoAppUITests */,
			);
		};
/* End PBXProject section */

/* Begin PBXResourcesBuildPhase section */
		B353EEFF2D7037CD008BDF96 /* Resources */ = {
			isa = PBXResourcesBuildPhase;
			buildActionMask = 2147483647;
			files = (
			);
			runOnlyForDeploymentPostprocessing = 0;
		};
		B353EF152D7037CF008BDF96 /* Resources */ = {
			isa = PBXResourcesBuildPhase;
			buildActionMask = 2147483647;
			files = (
			);
			runOnlyForDeploymentPostprocessing = 0;
		};
		B353EF1F2D7037CF008BDF96 /* Resources */ = {
			isa = PBXResourcesBuildPhase;
			buildActionMask = 2147483647;
			files = (
			);
			runOnlyForDeploymentPostprocessing = 0;
		};
/* End PBXResourcesBuildPhase section */

/* Begin PBXSourcesBuildPhase section */
		B353EEFD2D7037CD008BDF96 /* Sources */ = {
			isa = PBXSourcesBuildPhase;
			buildActionMask = 2147483647;
			files = (
			);
			runOnlyForDeploymentPostprocessing = 0;
		};
		B353EF132D7037CF008BDF96 /* Sources */ = {
			isa = PBXSourcesBuildPhase;
			buildActionMask = 2147483647;
			files = (
			);
			runOnlyForDeploymentPostprocessing = 0;
		};
		B353EF1D2D7037CF008BDF96 /* Sources */ = {
			isa = PBXSourcesBuildPhase;
			buildActionMask = 2147483647;
			files = (
			);
			runOnlyForDeploymentPostprocessing = 0;
		};
/* End PBXSourcesBuildPhase section */

/* Begin PBXTargetDependency section */
		B353EF192D7037CF008BDF96 /* PBXTargetDependency */ = {
			isa = PBXTargetDependency;
			target = B353EF002D7037CD008BDF96 /* [mini#3] MemoApp */;
			targetProxy = B353EF182D7037CF008BDF96 /* PBXContainerItemProxy */;
		};
		B353EF232D7037CF008BDF96 /* PBXTargetDependency */ = {
			isa = PBXTargetDependency;
			target = B353EF002D7037CD008BDF96 /* [mini#3] MemoApp */;
			targetProxy = B353EF222D7037CF008BDF96 /* PBXContainerItemProxy */;
		};
/* End PBXTargetDependency section */

/* Begin XCBuildConfiguration section */
		B353EF2B2D7037CF008BDF96 /* Debug */ = {
			isa = XCBuildConfiguration;
			buildSettings = {
				ASSETCATALOG_COMPILER_APPICON_NAME = AppIcon;
				ASSETCATALOG_COMPILER_GLOBAL_ACCENT_COLOR_NAME = AccentColor;
				CODE_SIGN_STYLE = Automatic;
				CURRENT_PROJECT_VERSION = 1;
				DEVELOPMENT_TEAM = 4F4VQHPY5W;
				GENERATE_INFOPLIST_FILE = YES;
				INFOPLIST_FILE = "[mini#3] MemoApp/Info.plist";
				INFOPLIST_KEY_UIApplicationSupportsIndirectInputEvents = YES;
				INFOPLIST_KEY_UILaunchStoryboardName = LaunchScreen;
				INFOPLIST_KEY_UISupportedInterfaceOrientations_iPad = "UIInterfaceOrientationPortrait UIInterfaceOrientationPortraitUpsideDown UIInterfaceOrientationLandscapeLeft UIInterfaceOrientationLandscapeRight";
				INFOPLIST_KEY_UISupportedInterfaceOrientations_iPhone = "UIInterfaceOrientationPortrait UIInterfaceOrientationLandscapeLeft UIInterfaceOrientationLandscapeRight";
				LD_RUNPATH_SEARCH_PATHS = (
					"$(inherited)",
					"@executable_path/Frameworks",
				);
				MARKETING_VERSION = 1.0;
				PRODUCT_BUNDLE_IDENTIFIER = "com.hakyung.-mini-3--MemoApp";
				PRODUCT_NAME = "$(TARGET_NAME)";
				SWIFT_EMIT_LOC_STRINGS = YES;
				SWIFT_VERSION = 5.0;
				TARGETED_DEVICE_FAMILY = "1,2";
			};
			name = Debug;
		};
		B353EF2C2D7037CF008BDF96 /* Release */ = {
			isa = XCBuildConfiguration;
			buildSettings = {
				ASSETCATALOG_COMPILER_APPICON_NAME = AppIcon;
				ASSETCATALOG_COMPILER_GLOBAL_ACCENT_COLOR_NAME = AccentColor;
				CODE_SIGN_STYLE = Automatic;
				CURRENT_PROJECT_VERSION = 1;
				DEVELOPMENT_TEAM = 4F4VQHPY5W;
				GENERATE_INFOPLIST_FILE = YES;
				INFOPLIST_FILE = "[mini#3] MemoApp/Info.plist";
				INFOPLIST_KEY_UIApplicationSupportsIndirectInputEvents = YES;
				INFOPLIST_KEY_UILaunchStoryboardName = LaunchScreen;
				INFOPLIST_KEY_UISupportedInterfaceOrientations_iPad = "UIInterfaceOrientationPortrait UIInterfaceOrientationPortraitUpsideDown UIInterfaceOrientationLandscapeLeft UIInterfaceOrientationLandscapeRight";
				INFOPLIST_KEY_UISupportedInterfaceOrientations_iPhone = "UIInterfaceOrientationPortrait UIInterfaceOrientationLandscapeLeft UIInterfaceOrientationLandscapeRight";
				LD_RUNPATH_SEARCH_PATHS = (
					"$(inherited)",
					"@executable_path/Frameworks",
				);
				MARKETING_VERSION = 1.0;
				PRODUCT_BUNDLE_IDENTIFIER = "com.hakyung.-mini-3--MemoApp";
				PRODUCT_NAME = "$(TARGET_NAME)";
				SWIFT_EMIT_LOC_STRINGS = YES;
				SWIFT_VERSION = 5.0;
				TARGETED_DEVICE_FAMILY = "1,2";
			};
			name = Release;
		};
		B353EF2D2D7037CF008BDF96 /* Debug */ = {
			isa = XCBuildConfiguration;
			buildSettings = {
				ALWAYS_SEARCH_USER_PATHS = NO;
				ASSETCATALOG_COMPILER_GENERATE_SWIFT_ASSET_SYMBOL_EXTENSIONS = YES;
				CLANG_ANALYZER_NONNULL = YES;
				CLANG_ANALYZER_NUMBER_OBJECT_CONVERSION = YES_AGGRESSIVE;
				CLANG_CXX_LANGUAGE_STANDARD = "gnu++20";
				CLANG_ENABLE_MODULES = YES;
				CLANG_ENABLE_OBJC_ARC = YES;
				CLANG_ENABLE_OBJC_WEAK = YES;
				CLANG_WARN_BLOCK_CAPTURE_AUTORELEASING = YES;
				CLANG_WARN_BOOL_CONVERSION = YES;
				CLANG_WARN_COMMA = YES;
				CLANG_WARN_CONSTANT_CONVERSION = YES;
				CLANG_WARN_DEPRECATED_OBJC_IMPLEMENTATIONS = YES;
				CLANG_WARN_DIRECT_OBJC_ISA_USAGE = YES_ERROR;
				CLANG_WARN_DOCUMENTATION_COMMENTS = YES;
				CLANG_WARN_EMPTY_BODY = YES;
				CLANG_WARN_ENUM_CONVERSION = YES;
				CLANG_WARN_INFINITE_RECURSION = YES;
				CLANG_WARN_INT_CONVERSION = YES;
				CLANG_WARN_NON_LITERAL_NULL_CONVERSION = YES;
				CLANG_WARN_OBJC_IMPLICIT_RETAIN_SELF = YES;
				CLANG_WARN_OBJC_LITERAL_CONVERSION = YES;
				CLANG_WARN_OBJC_ROOT_CLASS = YES_ERROR;
				CLANG_WARN_QUOTED_INCLUDE_IN_FRAMEWORK_HEADER = YES;
				CLANG_WARN_RANGE_LOOP_ANALYSIS = YES;
				CLANG_WARN_STRICT_PROTOTYPES = YES;
				CLANG_WARN_SUSPICIOUS_MOVE = YES;
				CLANG_WARN_UNGUARDED_AVAILABILITY = YES_AGGRESSIVE;
				CLANG_WARN_UNREACHABLE_CODE = YES;
				CLANG_WARN__DUPLICATE_METHOD_MATCH = YES;
				COPY_PHASE_STRIP = NO;
				DEBUG_INFORMATION_FORMAT = dwarf;
				ENABLE_STRICT_OBJC_MSGSEND = YES;
				ENABLE_TESTABILITY = YES;
				ENABLE_USER_SCRIPT_SANDBOXING = YES;
				GCC_C_LANGUAGE_STANDARD = gnu17;
				GCC_DYNAMIC_NO_PIC = NO;
				GCC_NO_COMMON_BLOCKS = YES;
				GCC_OPTIMIZATION_LEVEL = 0;
				GCC_PREPROCESSOR_DEFINITIONS = (
					"DEBUG=1",
					"$(inherited)",
				);
				GCC_WARN_64_TO_32_BIT_CONVERSION = YES;
				GCC_WARN_ABOUT_RETURN_TYPE = YES_ERROR;
				GCC_WARN_UNDECLARED_SELECTOR = YES;
				GCC_WARN_UNINITIALIZED_AUTOS = YES_AGGRESSIVE;
				GCC_WARN_UNUSED_FUNCTION = YES;
				GCC_WARN_UNUSED_VARIABLE = YES;
				IPHONEOS_DEPLOYMENT_TARGET = 18.2;
				LOCALIZATION_PREFERS_STRING_CATALOGS = YES;
				MTL_ENABLE_DEBUG_INFO = INCLUDE_SOURCE;
				MTL_FAST_MATH = YES;
				ONLY_ACTIVE_ARCH = YES;
				SDKROOT = iphoneos;
				SWIFT_ACTIVE_COMPILATION_CONDITIONS = "DEBUG $(inherited)";
				SWIFT_OPTIMIZATION_LEVEL = "-Onone";
			};
			name = Debug;
		};
		B353EF2E2D7037CF008BDF96 /* Release */ = {
			isa = XCBuildConfiguration;
			buildSettings = {
				ALWAYS_SEARCH_USER_PATHS = NO;
				ASSETCATALOG_COMPILER_GENERATE_SWIFT_ASSET_SYMBOL_EXTENSIONS = YES;
				CLANG_ANALYZER_NONNULL = YES;
				CLANG_ANALYZER_NUMBER_OBJECT_CONVERSION = YES_AGGRESSIVE;
				CLANG_CXX_LANGUAGE_STANDARD = "gnu++20";
				CLANG_ENABLE_MODULES = YES;
				CLANG_ENABLE_OBJC_ARC = YES;
				CLANG_ENABLE_OBJC_WEAK = YES;
				CLANG_WARN_BLOCK_CAPTURE_AUTORELEASING = YES;
				CLANG_WARN_BOOL_CONVERSION = YES;
				CLANG_WARN_COMMA = YES;
				CLANG_WARN_CONSTANT_CONVERSION = YES;
				CLANG_WARN_DEPRECATED_OBJC_IMPLEMENTATIONS = YES;
				CLANG_WARN_DIRECT_OBJC_ISA_USAGE = YES_ERROR;
				CLANG_WARN_DOCUMENTATION_COMMENTS = YES;
				CLANG_WARN_EMPTY_BODY = YES;
				CLANG_WARN_ENUM_CONVERSION = YES;
				CLANG_WARN_INFINITE_RECURSION = YES;
				CLANG_WARN_INT_CONVERSION = YES;
				CLANG_WARN_NON_LITERAL_NULL_CONVERSION = YES;
				CLANG_WARN_OBJC_IMPLICIT_RETAIN_SELF = YES;
				CLANG_WARN_OBJC_LITERAL_CONVERSION = YES;
				CLANG_WARN_OBJC_ROOT_CLASS = YES_ERROR;
				CLANG_WARN_QUOTED_INCLUDE_IN_FRAMEWORK_HEADER = YES;
				CLANG_WARN_RANGE_LOOP_ANALYSIS = YES;
				CLANG_WARN_STRICT_PROTOTYPES = YES;
				CLANG_WARN_SUSPICIOUS_MOVE = YES;
				CLANG_WARN_UNGUARDED_AVAILABILITY = YES_AGGRESSIVE;
				CLANG_WARN_UNREACHABLE_CODE = YES;
				CLANG_WARN__DUPLICATE_METHOD_MATCH = YES;
				COPY_PHASE_STRIP = NO;
				DEBUG_INFORMATION_FORMAT = "dwarf-with-dsym";
				ENABLE_NS_ASSERTIONS = NO;
				ENABLE_STRICT_OBJC_MSGSEND = YES;
				ENABLE_USER_SCRIPT_SANDBOXING = YES;
				GCC_C_LANGUAGE_STANDARD = gnu17;
				GCC_NO_COMMON_BLOCKS = YES;
				GCC_WARN_64_TO_32_BIT_CONVERSION = YES;
				GCC_WARN_ABOUT_RETURN_TYPE = YES_ERROR;
				GCC_WARN_UNDECLARED_SELECTOR = YES;
				GCC_WARN_UNINITIALIZED_AUTOS = YES_AGGRESSIVE;
				GCC_WARN_UNUSED_FUNCTION = YES;
				GCC_WARN_UNUSED_VARIABLE = YES;
				IPHONEOS_DEPLOYMENT_TARGET = 18.2;
				LOCALIZATION_PREFERS_STRING_CATALOGS = YES;
				MTL_ENABLE_DEBUG_INFO = NO;
				MTL_FAST_MATH = YES;
				SDKROOT = iphoneos;
				SWIFT_COMPILATION_MODE = wholemodule;
				VALIDATE_PRODUCT = YES;
			};
			name = Release;
		};
		B353EF302D7037CF008BDF96 /* Debug */ = {
			isa = XCBuildConfiguration;
			buildSettings = {
				BUNDLE_LOADER = "$(TEST_HOST)";
				CODE_SIGN_STYLE = Automatic;
				CURRENT_PROJECT_VERSION = 1;
				DEVELOPMENT_TEAM = 4F4VQHPY5W;
				GENERATE_INFOPLIST_FILE = YES;
				IPHONEOS_DEPLOYMENT_TARGET = 18.2;
				MARKETING_VERSION = 1.0;
				PRODUCT_BUNDLE_IDENTIFIER = "com.hakyung.-mini-3--MemoAppTests";
				PRODUCT_NAME = "$(TARGET_NAME)";
				SWIFT_EMIT_LOC_STRINGS = NO;
				SWIFT_VERSION = 5.0;
				TARGETED_DEVICE_FAMILY = "1,2";
				TEST_HOST = "$(BUILT_PRODUCTS_DIR)/[mini#3] MemoApp.app/$(BUNDLE_EXECUTABLE_FOLDER_PATH)/[mini#3] MemoApp";
			};
			name = Debug;
		};
		B353EF312D7037CF008BDF96 /* Release */ = {
			isa = XCBuildConfiguration;
			buildSettings = {
				BUNDLE_LOADER = "$(TEST_HOST)";
				CODE_SIGN_STYLE = Automatic;
				CURRENT_PROJECT_VERSION = 1;
				DEVELOPMENT_TEAM = 4F4VQHPY5W;
				GENERATE_INFOPLIST_FILE = YES;
				IPHONEOS_DEPLOYMENT_TARGET = 18.2;
				MARKETING_VERSION = 1.0;
				PRODUCT_BUNDLE_IDENTIFIER = "com.hakyung.-mini-3--MemoAppTests";
				PRODUCT_NAME = "$(TARGET_NAME)";
				SWIFT_EMIT_LOC_STRINGS = NO;
				SWIFT_VERSION = 5.0;
				TARGETED_DEVICE_FAMILY = "1,2";
				TEST_HOST = "$(BUILT_PRODUCTS_DIR)/[mini#3] MemoApp.app/$(BUNDLE_EXECUTABLE_FOLDER_PATH)/[mini#3] MemoApp";
			};
			name = Release;
		};
		B353EF332D7037CF008BDF96 /* Debug */ = {
			isa = XCBuildConfiguration;
			buildSettings = {
				CODE_SIGN_STYLE = Automatic;
				CURRENT_PROJECT_VERSION = 1;
				DEVELOPMENT_TEAM = 4F4VQHPY5W;
				GENERATE_INFOPLIST_FILE = YES;
				MARKETING_VERSION = 1.0;
				PRODUCT_BUNDLE_IDENTIFIER = "com.hakyung.-mini-3--MemoAppUITests";
				PRODUCT_NAME = "$(TARGET_NAME)";
				SWIFT_EMIT_LOC_STRINGS = NO;
				SWIFT_VERSION = 5.0;
				TARGETED_DEVICE_FAMILY = "1,2";
				TEST_TARGET_NAME = "[mini#3] MemoApp";
			};
			name = Debug;
		};
		B353EF342D7037CF008BDF96 /* Release */ = {
			isa = XCBuildConfiguration;
			buildSettings = {
				CODE_SIGN_STYLE = Automatic;
				CURRENT_PROJECT_VERSION = 1;
				DEVELOPMENT_TEAM = 4F4VQHPY5W;
				GENERATE_INFOPLIST_FILE = YES;
				MARKETING_VERSION = 1.0;
				PRODUCT_BUNDLE_IDENTIFIER = "com.hakyung.-mini-3--MemoAppUITests";
				PRODUCT_NAME = "$(TARGET_NAME)";
				SWIFT_EMIT_LOC_STRINGS = NO;
				SWIFT_VERSION = 5.0;
				TARGETED_DEVICE_FAMILY = "1,2";
				TEST_TARGET_NAME = "[mini#3] MemoApp";
			};
			name = Release;
		};
/* End XCBuildConfiguration section */

/* Begin XCConfigurationList section */
		B353EEFC2D7037CD008BDF96 /* Build configuration list for PBXProject "[mini#3] MemoApp" */ = {
			isa = XCConfigurationList;
			buildConfigurations = (
				B353EF2D2D7037CF008BDF96 /* Debug */,
				B353EF2E2D7037CF008BDF96 /* Release */,
			);
			defaultConfigurationIsVisible = 0;
			defaultConfigurationName = Release;
		};
		B353EF2A2D7037CF008BDF96 /* Build configuration list for PBXNativeTarget "[mini#3] MemoApp" */ = {
			isa = XCConfigurationList;
			buildConfigurations = (
				B353EF2B2D7037CF008BDF96 /* Debug */,
				B353EF2C2D7037CF008BDF96 /* Release */,
			);
			defaultConfigurationIsVisible = 0;
			defaultConfigurationName = Release;
		};
		B353EF2F2D7037CF008BDF96 /* Build configuration list for PBXNativeTarget "[mini#3] MemoAppTests" */ = {
			isa = XCConfigurationList;
			buildConfigurations = (
				B353EF302D7037CF008BDF96 /* Debug */,
				B353EF312D7037CF008BDF96 /* Release */,
			);
			defaultConfigurationIsVisible = 0;
			defaultConfigurationName = Release;
		};
		B353EF322D7037CF008BDF96 /* Build configuration list for PBXNativeTarget "[mini#3] MemoAppUITests" */ = {
			isa = XCConfigurationList;
			buildConfigurations = (
				B353EF332D7037CF008BDF96 /* Debug */,
				B353EF342D7037CF008BDF96 /* Release */,
			);
			defaultConfigurationIsVisible = 0;
			defaultConfigurationName = Release;
		};
/* End XCConfigurationList section */
	};
	rootObject = B353EEF92D7037CD008BDF96 /* Project object */;
}
